{
  "name": "immutable-js-deno",
  "version": "1.0.0",
  "lockfileVersion": 2,
  "requires": true,
  "packages": {
    "": {
      "name": "immutable-js-deno",
      "version": "1.0.0",
      "license": "ISC",
      "devDependencies": {
        "immutable": "^4.3.2"
      }
    },
    "node_modules/immutable": {
      "version": "4.3.2",
      "resolved": "https://registry.npmjs.org/immutable/-/immutable-4.3.2.tgz",
      "integrity": "sha512-oGXzbEDem9OOpDWZu88jGiYCvIsLHMvGw+8OXlpsvTFvIQplQbjg1B1cvKg8f7Hoch6+NGjpPsH1Fr+Mc2D1aA==",
      "dev": true
    }
  },
  "dependencies": {
    "immutable": {
      "version": "4.3.2",
      "resolved": "https://registry.npmjs.org/immutable/-/immutable-4.3.2.tgz",
      "integrity": "sha512-oGXzbEDem9OOpDWZu88jGiYCvIsLHMvGw+8OXlpsvTFvIQplQbjg1B1cvKg8f7Hoch6+NGjpPsH1Fr+Mc2D1aA==",
      "dev": true
    }
  }
}
